
Microsoft Visual Studio Solution File, Format Version 12.00
# Visual Studio Version 17
VisualStudioVersion = 17.5.33414.496
MinimumVisualStudioVersion = 10.0.40219.1
Project("{FAE04EC0-301F-11D3-BF4B-00C04F79EFBC}") = "ConsoleApp-Tarde", "ConsoleApp-Tarde\ConsoleApp-Tarde.csproj", "{95DDF0F5-9674-4558-B9E8-4174DCF1823B}"
EndProject
Global
	GlobalSection(SolutionConfigurationPlatforms) = preSolution
		Debug|Any CPU = Debug|Any CPU
		Release|Any CPU = Release|Any CPU
	EndGlobalSection
	GlobalSection(ProjectConfigurationPlatforms) = postSolution
		{95DDF0F5-9674-4558-B9E8-4174DCF1823B}.Debug|Any CPU.ActiveCfg = Debug|Any CPU
		{95DDF0F5-9674-4558-B9E8-4174DCF1823B}.Debug|Any CPU.Build.0 = Debug|Any CPU
		{95DDF0F5-9674-4558-B9E8-4174DCF1823B}.Release|Any CPU.ActiveCfg = Release|Any CPU
		{95DDF0F5-9674-4558-B9E8-4174DCF1823B}.Release|Any CPU.Build.0 = Release|Any CPU
	EndGlobalSection
	GlobalSection(SolutionProperties) = preSolution
		HideSolutionNode = FALSE
	EndGlobalSection
	GlobalSection(ExtensibilityGlobals) = postSolution
		SolutionGuid = {1DCCD43B-09A7-4E45-AF9C-082E35585B18}
	EndGlobalSection
EndGlobal
